lockfileVersion: '9.0'

settings:
  autoInstallPeers: true
  excludeLinksFromLockfile: false

importers:

  .:
    dependencies:
      '@ai-sdk/openai':
        specifier: ^0.0.66
        version: 0.0.66(zod@3.23.8)
      ai:
        specifier: ^3.1.0
        version: 3.1.0(react@18.3.1)(solid-js@1.9.7)(svelte@4.2.20)(vue@3.5.17(typescript@5.4.2))(zod@3.23.8)
      dotenv:
        specifier: ^16.4.5
        version: 16.4.5
      zod:
        specifier: ^3.23.8
        version: 3.23.8
    devDependencies:
      '@types/node':
        specifier: ^20.14.0
        version: 20.14.0
      tsx:
        specifier: ^4.15.0
        version: 4.15.0
      typescript:
        specifier: ^5.4.0
        version: 5.4.2

packages:

  '@ai-sdk/openai@0.0.66':
    resolution: {integrity: sha512-V4XeDnlNl5/AY3GB3ozJUjqnBLU5pK3DacKTbCNH3zH8/MggJoH6B8wRGdLUPVFMcsMz60mtvh4DC9JsIVFrKw==}
    engines: {node: '>=18'}
    peerDependencies:
      zod: ^3.0.0

  '@ai-sdk/provider-utils@0.0.5':
    resolution: {integrity: sha512-VVy9eQS+vS2j6cqTEQ9htMHz2nW/HFAkDXLvNFPoi1pZkviknJZEzb+DZUna6Od+jBf/TVA0HZwYnyGDaeI9cQ==}
    engines: {node: '>=18'}
    peerDependencies:
      zod: ^3.0.0
    peerDependenciesMeta:
      zod:
        optional: true

  '@ai-sdk/provider-utils@1.0.20':
    resolution: {integrity: sha512-ngg/RGpnA00eNOWEtXHenpX1MsM2QshQh4QJFjUfwcqHpM5kTfG7je7Rc3HcEDP+OkRVv2GF+X4fC1Vfcnl8Ow==}
    engines: {node: '>=18'}
    peerDependencies:
      zod: ^3.0.0
    peerDependenciesMeta:
      zod:
        optional: true

  '@ai-sdk/provider@0.0.24':
    resolution: {integrity: sha512-XMsNGJdGO+L0cxhhegtqZ8+T6nn4EoShS819OvCgI2kLbYTIvk0GWFGD0AXJmxkxs3DrpsJxKAFukFR7bvTkgQ==}
    engines: {node: '>=18'}

  '@ai-sdk/provider@0.0.3':
    resolution: {integrity: sha512-0B8P6VZpJ6F9yS9BpmJBYSqIaIfeRtL5tD5SP+qgR8y0pPwalIbRMUFiLz9YUT6g70MJsCLpm/2/fX3cfAYCJw==}
    engines: {node: '>=18'}

  '@ampproject/remapping@2.3.0':
    resolution: {integrity: sha512-30iZtAPgz+LTIYoeivqYo853f02jBYSd5uGnGpkFV0M3xOt9aN73erkgYAmZU43x4VfqcnLxW9Kpg3R5LC4YYw==}
    engines: {node: '>=6.0.0'}

  '@babel/helper-string-parser@7.27.1':
    resolution: {integrity: sha512-qMlSxKbpRlAridDExk92nSobyDdpPijUq2DW6oDnUqd0iOGxmQjyqhMIihI9+zv4LPyZdRje2cavWPbCbWm3eA==}
    engines: {node: '>=6.9.0'}

  '@babel/helper-validator-identifier@7.27.1':
    resolution: {integrity: sha512-D2hP9eA+Sqx1kBZgzxZh0y1trbuU+JoDkiEwqhQ36nodYqJwyEIhPSdMNd7lOm/4io72luTPWH20Yda0xOuUow==}
    engines: {node: '>=6.9.0'}

  '@babel/parser@7.28.0':
    resolution: {integrity: sha512-jVZGvOxOuNSsuQuLRTh13nU0AogFlw32w/MT+LV6D3sP5WdbW61E77RnkbaO2dUvmPAYrBDJXGn5gGS6tH4j8g==}
    engines: {node: '>=6.0.0'}
    hasBin: true

  '@babel/types@7.28.0':
    resolution: {integrity: sha512-jYnje+JyZG5YThjHiF28oT4SIZLnYOcSBb6+SDaFIyzDVSkXQmQQYclJ2R+YxcdmK0AX6x1E5OQNtuh3jHDrUg==}
    engines: {node: '>=6.9.0'}

  '@esbuild/aix-ppc64@0.21.5':
    resolution: {integrity: sha512-1SDgH6ZSPTlggy1yI6+Dbkiz8xzpHJEVAlF/AM1tHPLsf5STom9rwtjE4hKAF20FfXXNTFqEYXyJNWh1GiZedQ==}
    engines: {node: '>=12'}
    cpu: [ppc64]
    os: [aix]

  '@esbuild/android-arm64@0.21.5':
    resolution: {integrity: sha512-c0uX9VAUBQ7dTDCjq+wdyGLowMdtR/GoC2U5IYk/7D1H1JYC0qseD7+11iMP2mRLN9RcCMRcjC4YMclCzGwS/A==}
    engines: {node: '>=12'}
    cpu: [arm64]
    os: [android]

  '@esbuild/android-arm@0.21.5':
    resolution: {integrity: sha512-vCPvzSjpPHEi1siZdlvAlsPxXl7WbOVUBBAowWug4rJHb68Ox8KualB+1ocNvT5fjv6wpkX6o/iEpbDrf68zcg==}
    engines: {node: '>=12'}
    cpu: [arm]
    os: [android]

  '@esbuild/android-x64@0.21.5':
    resolution: {integrity: sha512-D7aPRUUNHRBwHxzxRvp856rjUHRFW1SdQATKXH2hqA0kAZb1hKmi02OpYRacl0TxIGz/ZmXWlbZgjwWYaCakTA==}
    engines: {node: '>=12'}
    cpu: [x64]
    os: [android]

  '@esbuild/darwin-arm64@0.21.5':
    resolution: {integrity: sha512-DwqXqZyuk5AiWWf3UfLiRDJ5EDd49zg6O9wclZ7kUMv2WRFr4HKjXp/5t8JZ11QbQfUS6/cRCKGwYhtNAY88kQ==}
    engines: {node: '>=12'}
    cpu: [arm64]
    os: [darwin]

  '@esbuild/darwin-x64@0.21.5':
    resolution: {integrity: sha512-se/JjF8NlmKVG4kNIuyWMV/22ZaerB+qaSi5MdrXtd6R08kvs2qCN4C09miupktDitvh8jRFflwGFBQcxZRjbw==}
    engines: {node: '>=12'}
    cpu: [x64]
    os: [darwin]

  '@esbuild/freebsd-arm64@0.21.5':
    resolution: {integrity: sha512-5JcRxxRDUJLX8JXp/wcBCy3pENnCgBR9bN6JsY4OmhfUtIHe3ZW0mawA7+RDAcMLrMIZaf03NlQiX9DGyB8h4g==}
    engines: {node: '>=12'}
    cpu: [arm64]
    os: [freebsd]

  '@esbuild/freebsd-x64@0.21.5':
    resolution: {integrity: sha512-J95kNBj1zkbMXtHVH29bBriQygMXqoVQOQYA+ISs0/2l3T9/kj42ow2mpqerRBxDJnmkUDCaQT/dfNXWX/ZZCQ==}
    engines: {node: '>=12'}
    cpu: [x64]
    os: [freebsd]

  '@esbuild/linux-arm64@0.21.5':
    resolution: {integrity: sha512-ibKvmyYzKsBeX8d8I7MH/TMfWDXBF3db4qM6sy+7re0YXya+K1cem3on9XgdT2EQGMu4hQyZhan7TeQ8XkGp4Q==}
    engines: {node: '>=12'}
    cpu: [arm64]
    os: [linux]

  '@esbuild/linux-arm@0.21.5':
    resolution: {integrity: sha512-bPb5AHZtbeNGjCKVZ9UGqGwo8EUu4cLq68E95A53KlxAPRmUyYv2D6F0uUI65XisGOL1hBP5mTronbgo+0bFcA==}
    engines: {node: '>=12'}
    cpu: [arm]
    os: [linux]

  '@esbuild/linux-ia32@0.21.5':
    resolution: {integrity: sha512-YvjXDqLRqPDl2dvRODYmmhz4rPeVKYvppfGYKSNGdyZkA01046pLWyRKKI3ax8fbJoK5QbxblURkwK/MWY18Tg==}
    engines: {node: '>=12'}
    cpu: [ia32]
    os: [linux]

  '@esbuild/linux-loong64@0.21.5':
    resolution: {integrity: sha512-uHf1BmMG8qEvzdrzAqg2SIG/02+4/DHB6a9Kbya0XDvwDEKCoC8ZRWI5JJvNdUjtciBGFQ5PuBlpEOXQj+JQSg==}
    engines: {node: '>=12'}
    cpu: [loong64]
    os: [linux]

  '@esbuild/linux-mips64el@0.21.5':
    resolution: {integrity: sha512-IajOmO+KJK23bj52dFSNCMsz1QP1DqM6cwLUv3W1QwyxkyIWecfafnI555fvSGqEKwjMXVLokcV5ygHW5b3Jbg==}
    engines: {node: '>=12'}
    cpu: [mips64el]
    os: [linux]

  '@esbuild/linux-ppc64@0.21.5':
    resolution: {integrity: sha512-1hHV/Z4OEfMwpLO8rp7CvlhBDnjsC3CttJXIhBi+5Aj5r+MBvy4egg7wCbe//hSsT+RvDAG7s81tAvpL2XAE4w==}
    engines: {node: '>=12'}
    cpu: [ppc64]
    os: [linux]

  '@esbuild/linux-riscv64@0.21.5':
    resolution: {integrity: sha512-2HdXDMd9GMgTGrPWnJzP2ALSokE/0O5HhTUvWIbD3YdjME8JwvSCnNGBnTThKGEB91OZhzrJ4qIIxk/SBmyDDA==}
    engines: {node: '>=12'}
    cpu: [riscv64]
    os: [linux]

  '@esbuild/linux-s390x@0.21.5':
    resolution: {integrity: sha512-zus5sxzqBJD3eXxwvjN1yQkRepANgxE9lgOW2qLnmr8ikMTphkjgXu1HR01K4FJg8h1kEEDAqDcZQtbrRnB41A==}
    engines: {node: '>=12'}
    cpu: [s390x]
    os: [linux]

  '@esbuild/linux-x64@0.21.5':
    resolution: {integrity: sha512-1rYdTpyv03iycF1+BhzrzQJCdOuAOtaqHTWJZCWvijKD2N5Xu0TtVC8/+1faWqcP9iBCWOmjmhoH94dH82BxPQ==}
    engines: {node: '>=12'}
    cpu: [x64]
    os: [linux]

  '@esbuild/netbsd-x64@0.21.5':
    resolution: {integrity: sha512-Woi2MXzXjMULccIwMnLciyZH4nCIMpWQAs049KEeMvOcNADVxo0UBIQPfSmxB3CWKedngg7sWZdLvLczpe0tLg==}
    engines: {node: '>=12'}
    cpu: [x64]
    os: [netbsd]

  '@esbuild/openbsd-x64@0.21.5':
    resolution: {integrity: sha512-HLNNw99xsvx12lFBUwoT8EVCsSvRNDVxNpjZ7bPn947b8gJPzeHWyNVhFsaerc0n3TsbOINvRP2byTZ5LKezow==}
    engines: {node: '>=12'}
    cpu: [x64]
    os: [openbsd]

  '@esbuild/sunos-x64@0.21.5':
    resolution: {integrity: sha512-6+gjmFpfy0BHU5Tpptkuh8+uw3mnrvgs+dSPQXQOv3ekbordwnzTVEb4qnIvQcYXq6gzkyTnoZ9dZG+D4garKg==}
    engines: {node: '>=12'}
    cpu: [x64]
    os: [sunos]

  '@esbuild/win32-arm64@0.21.5':
    resolution: {integrity: sha512-Z0gOTd75VvXqyq7nsl93zwahcTROgqvuAcYDUr+vOv8uHhNSKROyU961kgtCD1e95IqPKSQKH7tBTslnS3tA8A==}
    engines: {node: '>=12'}
    cpu: [arm64]
    os: [win32]

  '@esbuild/win32-ia32@0.21.5':
    resolution: {integrity: sha512-SWXFF1CL2RVNMaVs+BBClwtfZSvDgtL//G/smwAc5oVK/UPu2Gu9tIaRgFmYFFKrmg3SyAjSrElf0TiJ1v8fYA==}
    engines: {node: '>=12'}
    cpu: [ia32]
    os: [win32]

  '@esbuild/win32-x64@0.21.5':
    resolution: {integrity: sha512-tQd/1efJuzPC6rCFwEvLtci/xNFcTZknmXs98FYDfGE4wP9ClFV98nyKrzJKVPMhdDnjzLhdUyMX4PsQAPjwIw==}
    engines: {node: '>=12'}
    cpu: [x64]
    os: [win32]

  '@jridgewell/gen-mapping@0.3.12':
    resolution: {integrity: sha512-OuLGC46TjB5BbN1dH8JULVVZY4WTdkF7tV9Ys6wLL1rubZnCMstOhNHueU5bLCrnRuDhKPDM4g6sw4Bel5Gzqg==}

  '@jridgewell/resolve-uri@3.1.2':
    resolution: {integrity: sha512-bRISgCIjP20/tbWSPWMEi54QVPRZExkuD9lJL+UIxUKtwVJA8wW1Trb1jMs1RFXo1CBTNZ/5hpC9QvmKWdopKw==}
    engines: {node: '>=6.0.0'}

  '@jridgewell/sourcemap-codec@1.5.4':
    resolution: {integrity: sha512-VT2+G1VQs/9oz078bLrYbecdZKs912zQlkelYpuf+SXF+QvZDYJlbx/LSx+meSAwdDFnF8FVXW92AVjjkVmgFw==}

  '@jridgewell/trace-mapping@0.3.29':
    resolution: {integrity: sha512-uw6guiW/gcAGPDhLmd77/6lW8QLeiV5RUTsAX46Db6oLhGaVj4lhnPwb184s1bkc8kdVg/+h988dro8GRDpmYQ==}

  '@types/diff-match-patch@1.0.36':
    resolution: {integrity: sha512-xFdR6tkm0MWvBfO8xXCSsinYxHcqkQUlcHeSpMC2ukzOb6lwQAfDmW+Qt0AvlGd8HpsS28qKsB+oPeJn9I39jg==}

  '@types/estree@1.0.8':
    resolution: {integrity: sha512-dWHzHa2WqEXI/O1E9OjrocMTKJl2mSrEolh1Iomrv6U+JuNwaHXsXx9bLu5gG7BUWFIN0skIQJQ/L1rIex4X6w==}

  '@types/node@20.14.0':
    resolution: {integrity: sha512-5cHBxFGJx6L4s56Bubp4fglrEpmyJypsqI6RgzMfBHWUJQGWAAi8cWcgetEbZXHYXo9C2Fa4EEds/uSyS4cxmA==}

  '@vue/compiler-core@3.5.17':
    resolution: {integrity: sha512-Xe+AittLbAyV0pabcN7cP7/BenRBNcteM4aSDCtRvGw0d9OL+HG1u/XHLY/kt1q4fyMeZYXyIYrsHuPSiDPosA==}

  '@vue/compiler-dom@3.5.17':
    resolution: {integrity: sha512-+2UgfLKoaNLhgfhV5Ihnk6wB4ljyW1/7wUIog2puUqajiC29Lp5R/IKDdkebh9jTbTogTbsgB+OY9cEWzG95JQ==}

  '@vue/compiler-sfc@3.5.17':
    resolution: {integrity: sha512-rQQxbRJMgTqwRugtjw0cnyQv9cP4/4BxWfTdRBkqsTfLOHWykLzbOc3C4GGzAmdMDxhzU/1Ija5bTjMVrddqww==}

  '@vue/compiler-ssr@3.5.17':
    resolution: {integrity: sha512-hkDbA0Q20ZzGgpj5uZjb9rBzQtIHLS78mMilwrlpWk2Ep37DYntUz0PonQ6kr113vfOEdM+zTBuJDaceNIW0tQ==}

  '@vue/reactivity@3.5.17':
    resolution: {integrity: sha512-l/rmw2STIscWi7SNJp708FK4Kofs97zc/5aEPQh4bOsReD/8ICuBcEmS7KGwDj5ODQLYWVN2lNibKJL1z5b+Lw==}

  '@vue/runtime-core@3.5.17':
    resolution: {integrity: sha512-QQLXa20dHg1R0ri4bjKeGFKEkJA7MMBxrKo2G+gJikmumRS7PTD4BOU9FKrDQWMKowz7frJJGqBffYMgQYS96Q==}

  '@vue/runtime-dom@3.5.17':
    resolution: {integrity: sha512-8El0M60TcwZ1QMz4/os2MdlQECgGoVHPuLnQBU3m9h3gdNRW9xRmI8iLS4t/22OQlOE6aJvNNlBiCzPHur4H9g==}

  '@vue/server-renderer@3.5.17':
    resolution: {integrity: sha512-BOHhm8HalujY6lmC3DbqF6uXN/K00uWiEeF22LfEsm9Q93XeJ/plHTepGwf6tqFcF7GA5oGSSAAUock3VvzaCA==}
    peerDependencies:
      vue: 3.5.17

  '@vue/shared@3.5.17':
    resolution: {integrity: sha512-CabR+UN630VnsJO/jHWYBC1YVXyMq94KKp6iF5MQgZJs5I8cmjw6oVMO1oDbtBkENSHSSn/UadWlW/OAgdmKrg==}

  acorn@8.15.0:
    resolution: {integrity: sha512-NZyJarBfL7nWwIq+FDL6Zp/yHEhePMNnnJ0y3qfieCrmNvYct8uvtiV41UvlSe6apAfk0fY1FbWx+NwfmpvtTg==}
    engines: {node: '>=0.4.0'}
    hasBin: true

  ai@3.1.0:
    resolution: {integrity: sha512-U4XVA+Oh7a/s7uOQTAawWzDgwZehCk869TsF/3eNkBprq/ScJGRF2iUsYAx0ZULQlok5wLvtfrrK1iT6my2B7g==}
    engines: {node: '>=18'}
    peerDependencies:
      react: ^18.2.0
      solid-js: ^1.7.7
      svelte: ^3.0.0 || ^4.0.0
      vue: ^3.3.4
      zod: ^3.0.0
    peerDependenciesMeta:
      react:
        optional: true
      solid-js:
        optional: true
      svelte:
        optional: true
      vue:
        optional: true
      zod:
        optional: true

  aria-query@5.3.2:
    resolution: {integrity: sha512-COROpnaoap1E2F000S62r6A60uHZnmlvomhfyT2DlTcrY1OrBKn2UhH7qn5wTC9zMvD0AY7csdPSNwKP+7WiQw==}
    engines: {node: '>= 0.4'}

  axobject-query@4.1.0:
    resolution: {integrity: sha512-qIj0G9wZbMGNLjLmg1PT6v2mE9AH2zlnADJD/2tC6E00hgmhUOfEB6greHPAfLRSufHqROIUTkw6E+M3lH0PTQ==}
    engines: {node: '>= 0.4'}

  chalk@5.4.1:
    resolution: {integrity: sha512-zgVZuo2WcZgfUEmsn6eO3kINexW8RAE4maiQ8QNs8CtpPCSyMiYsULR3HQYkm3w8FIA3SberyMJMSldGsW+U3w==}
    engines: {node: ^12.17.0 || ^14.13 || >=16.0.0}

  code-red@1.0.4:
    resolution: {integrity: sha512-7qJWqItLA8/VPVlKJlFXU+NBlo/qyfs39aJcuMT/2ere32ZqvF5OSxgdM5xOfJJ7O429gg2HM47y8v9P+9wrNw==}

  css-tree@2.3.1:
    resolution: {integrity: sha512-6Fv1DV/TYw//QF5IzQdqsNDjx/wc8TrMBZsqjL9eW01tWb7R7k/mq+/VXfJCl7SoD5emsJop9cOByJZfs8hYIw==}
    engines: {node: ^10 || ^12.20.0 || ^14.13.0 || >=15.0.0}

  csstype@3.1.3:
    resolution: {integrity: sha512-M1uQkMl8rQK/szD0LNhtqxIPLpimGm8sOBwU7lLnCpSbTyY3yeU1Vc7l4KT5zT4s/yOxHH5O7tIuuLOCnLADRw==}

  dequal@2.0.3:
    resolution: {integrity: sha512-0je+qPKHEMohvfRTCEo3CrPG6cAzAYgmzKyxRiYSSDkS6eGJdyVJm7WaYA5ECaAD9wLB2T4EEeymA5aFVcYXCA==}
    engines: {node: '>=6'}

  diff-match-patch@1.0.5:
    resolution: {integrity: sha512-IayShXAgj/QMXgB0IWmKx+rOPuGMhqm5w6jvFxmVenXKIzRqTAAsbBPT3kWQeGANj3jGgvcvv4yK6SxqYmikgw==}

  dotenv@16.4.5:
    resolution: {integrity: sha512-ZmdL2rui+eB2YwhsWzjInR8LldtZHGDoQ1ugH85ppHKwpUHL7j7rN0Ti9NCnGiQbhaZ11FpR+7ao1dNsmduNUg==}
    engines: {node: '>=12'}

  entities@4.5.0:
    resolution: {integrity: sha512-V0hjH4dGPh9Ao5p0MoRY6BVqtwCjhz6vI5LT8AJ55H+4g9/4vbHx1I54fS0XuclLhDHArPQCiMjDxjaL8fPxhw==}
    engines: {node: '>=0.12'}

  esbuild@0.21.5:
    resolution: {integrity: sha512-mg3OPMV4hXywwpoDxu3Qda5xCKQi+vCTZq8S9J/EpkhB2HzKXq4SNFZE3+NK93JYxc8VMSep+lOUSC/RVKaBqw==}
    engines: {node: '>=12'}
    hasBin: true

  estree-walker@2.0.2:
    resolution: {integrity: sha512-Rfkk/Mp/DL7JVje3u18FxFujQlTNR2q6QfMSMB7AvCBx91NGj/ba3kCfza0f6dVDbw7YlRf/nDrn7pQrCCyQ/w==}

  estree-walker@3.0.3:
    resolution: {integrity: sha512-7RUKfXgSMMkzt6ZuXmqapOurLGPPfgj6l9uRZ7lRGolvk0y2yocc35LdcxKC5PQZdn2DMqioAQ2NoWcrTKmm6g==}

  eventsource-parser@1.1.2:
    resolution: {integrity: sha512-v0eOBUbiaFojBu2s2NPBfYUoRR9GjcDNvCXVaqEf5vVfpIAh9f8RCo4vXTP8c63QRKCFwoLpMpTdPwwhEKVgzA==}
    engines: {node: '>=14.18'}

  fsevents@2.3.3:
    resolution: {integrity: sha512-5xoDfX+fL7faATnagmWPpbFtwh/R77WmMMqqHGS65C3vvB0YHrgF+B1YmZ3441tMj5n63k0212XNoJwzlhffQw==}
    engines: {node: ^8.16.0 || ^10.6.0 || >=11.0.0}
    os: [darwin]

  get-tsconfig@4.10.1:
    resolution: {integrity: sha512-auHyJ4AgMz7vgS8Hp3N6HXSmlMdUyhSUrfBF16w153rxtLIEOE+HGqaBppczZvnHLqQJfiHotCYpNhl0lUROFQ==}

  is-reference@3.0.3:
    resolution: {integrity: sha512-ixkJoqQvAP88E6wLydLGGqCJsrFUnqoH6HnaczB8XmDH1oaWU+xxdptvikTgaEhtZ53Ky6YXiBuUI2WXLMCwjw==}

  js-tokens@4.0.0:
    resolution: {integrity: sha512-RdJUflcE3cUzKiMqQgsCu06FPu9UdIJO0beYbPhHN4k6apgJtifcoCtT9bcxOpYBtpD2kCM6Sbzg4CausW/PKQ==}

  json-schema@0.4.0:
    resolution: {integrity: sha512-es94M3nTIfsEPisRafak+HDLfHXnKBhV3vU5eqPcS3flIWqcxJWgXHXiey3YrpaNsanY5ei1VoYEbOzijuq9BA==}

  jsondiffpatch@0.6.0:
    resolution: {integrity: sha512-3QItJOXp2AP1uv7waBkao5nCvhEv+QmJAd38Ybq7wNI74Q+BBmnLn4EDKz6yI9xGAIQoUF87qHt+kc1IVxB4zQ==}
    engines: {node: ^18.0.0 || >=20.0.0}
    hasBin: true

  locate-character@3.0.0:
    resolution: {integrity: sha512-SW13ws7BjaeJ6p7Q6CO2nchbYEc3X3J6WrmTTDto7yMPqVSZTUyY5Tjbid+Ab8gLnATtygYtiDIJGQRRn2ZOiA==}

  loose-envify@1.4.0:
    resolution: {integrity: sha512-lyuxPGr/Wfhrlem2CL/UcnUc1zcqKAImBDzukY7Y5F/yQiNdko6+fRLevlw1HgMySw7f611UIY408EtxRSoK3Q==}
    hasBin: true

  magic-string@0.30.17:
    resolution: {integrity: sha512-sNPKHvyjVf7gyjwS4xGTaW/mCnF8wnjtifKBEhxfZ7E/S8tQ0rssrwGNn6q8JH/ohItJfSQp9mBtQYuTlH5QnA==}

  mdn-data@2.0.30:
    resolution: {integrity: sha512-GaqWWShW4kv/G9IEucWScBx9G1/vsFZZJUO+tD26M8J8z3Kw5RDQjaoZe03YAClgeS/SWPOcb4nkFBTEi5DUEA==}

  nanoid@3.3.11:
    resolution: {integrity: sha512-N8SpfPUnUp1bK+PMYW8qSWdl9U+wwNWI4QKxOYDy9JAro3WMX7p2OeVRF9v+347pnakNevPmiHhNmZ2HbFA76w==}
    engines: {node: ^10 || ^12 || ^13.7 || ^14 || >=15.0.1}
    hasBin: true

  nanoid@3.3.6:
    resolution: {integrity: sha512-BGcqMMJuToF7i1rt+2PWSNVnWIkGCU78jBG3RxO/bZlnZPK2Cmi2QaffxGO/2RvWi9sL+FAiRiXMgsyxQ1DIDA==}
    engines: {node: ^10 || ^12 || ^13.7 || ^14 || >=15.0.1}
    hasBin: true

  periscopic@3.1.0:
    resolution: {integrity: sha512-vKiQ8RRtkl9P+r/+oefh25C3fhybptkHKCZSPlcXiJux2tJF55GnEj3BVn4A5gKfq9NWWXXrxkHBwVPUfH0opw==}

  picocolors@1.1.1:
    resolution: {integrity: sha512-xceH2snhtb5M9liqDsmEw56le376mTZkEX/jEb/RxNFyegNul7eNslCXP9FDj/Lcu0X8KEyMceP2ntpaHrDEVA==}

  postcss@8.5.6:
    resolution: {integrity: sha512-3Ybi1tAuwAP9s0r1UQ2J4n5Y0G05bJkpUIO0/bI9MhwmD70S5aTWbXGBwxHrelT+XM1k6dM0pk+SwNkpTRN7Pg==}
    engines: {node: ^10 || ^12 || >=14}

  react@18.3.1:
    resolution: {integrity: sha512-wS+hAgJShR0KhEvPJArfuPVN1+Hz1t0Y6n5jLrGQbkb4urgPE/0Rve+1kMB1v/oWgHgm4WIcV+i7F2pTVj+2iQ==}
    engines: {node: '>=0.10.0'}

  resolve-pkg-maps@1.0.0:
    resolution: {integrity: sha512-seS2Tj26TBVOC2NIc2rOe2y2ZO7efxITtLZcGSOnHHNOQ7CkiUBfw0Iw2ck6xkIhPwLhKNLS8BO+hEpngQlqzw==}

  secure-json-parse@2.7.0:
    resolution: {integrity: sha512-6aU+Rwsezw7VR8/nyvKTx8QpWH9FrcYiXXlqC4z5d5XQBDRqtbfsRjnwGyqbi3gddNtWHuEk9OANUotL26qKUw==}

  seroval-plugins@1.3.2:
    resolution: {integrity: sha512-0QvCV2lM3aj/U3YozDiVwx9zpH0q8A60CTWIv4Jszj/givcudPb48B+rkU5D51NJ0pTpweGMttHjboPa9/zoIQ==}
    engines: {node: '>=10'}
    peerDependencies:
      seroval: ^1.0

  seroval@1.3.2:
    resolution: {integrity: sha512-RbcPH1n5cfwKrru7v7+zrZvjLurgHhGyso3HTyGtRivGWgYjbOmGuivCQaORNELjNONoK35nj28EoWul9sb1zQ==}
    engines: {node: '>=10'}

  solid-js@1.9.7:
    resolution: {integrity: sha512-/saTKi8iWEM233n5OSi1YHCCuh66ZIQ7aK2hsToPe4tqGm7qAejU1SwNuTPivbWAYq7SjuHVVYxxuZQNRbICiw==}

  solid-swr-store@0.10.7:
    resolution: {integrity: sha512-A6d68aJmRP471aWqKKPE2tpgOiR5fH4qXQNfKIec+Vap+MGQm3tvXlT8n0I8UgJSlNAsSAUuw2VTviH2h3Vv5g==}
    engines: {node: '>=10'}
    peerDependencies:
      solid-js: ^1.2
      swr-store: ^0.10

  source-map-js@1.2.1:
    resolution: {integrity: sha512-UXWMKhLOwVKb728IUtQPXxfYU+usdybtUrK/8uGE8CQMvrhOpwvzDBwj0QhSL7MQc7vIsISBG8VQ8+IDQxpfQA==}
    engines: {node: '>=0.10.0'}

  sswr@2.0.0:
    resolution: {integrity: sha512-mV0kkeBHcjcb0M5NqKtKVg/uTIYNlIIniyDfSGrSfxpEdM9C365jK0z55pl9K0xAkNTJi2OAOVFQpgMPUk+V0w==}
    peerDependencies:
      svelte: ^4.0.0

  svelte@4.2.20:
    resolution: {integrity: sha512-eeEgGc2DtiUil5ANdtd8vPwt9AgaMdnuUFnPft9F5oMvU/FHu5IHFic+p1dR/UOB7XU2mX2yHW+NcTch4DCh5Q==}
    engines: {node: '>=16'}

  swr-store@0.10.6:
    resolution: {integrity: sha512-xPjB1hARSiRaNNlUQvWSVrG5SirCjk2TmaUyzzvk69SZQan9hCJqw/5rG9iL7xElHU784GxRPISClq4488/XVw==}
    engines: {node: '>=10'}

  swr@2.2.0:
    resolution: {integrity: sha512-AjqHOv2lAhkuUdIiBu9xbuettzAzWXmCEcLONNKJRba87WAefz8Ca9d6ds/SzrPc235n1IxWYdhJ2zF3MNUaoQ==}
    peerDependencies:
      react: ^16.11.0 || ^17.0.0 || ^18.0.0

  swrev@4.0.0:
    resolution: {integrity: sha512-LqVcOHSB4cPGgitD1riJ1Hh4vdmITOp+BkmfmXRh4hSF/t7EnS4iD+SOTmq7w5pPm/SiPeto4ADbKS6dHUDWFA==}

  swrv@1.0.4:
    resolution: {integrity: sha512-zjEkcP8Ywmj+xOJW3lIT65ciY/4AL4e/Or7Gj0MzU3zBJNMdJiT8geVZhINavnlHRMMCcJLHhraLTAiDOTmQ9g==}
    peerDependencies:
      vue: '>=3.2.26 < 4'

  tsx@4.15.0:
    resolution: {integrity: sha512-yPThHvkUdsyi3pUb+2a6JM0y0shxxLlIEfms2ZztL/rHqK+4dFYdVxh2X/0bcieo16Kvjq77VU/ML/nVICK/0g==}
    engines: {node: '>=18.0.0'}
    hasBin: true

  typescript@5.4.2:
    resolution: {integrity: sha512-+2/g0Fds1ERlP6JsakQQDXjZdZMM+rqpamFZJEKh4kwTIn3iDkgKtby0CeNd5ATNZ4Ry1ax15TMx0W2V+miizQ==}
    engines: {node: '>=14.17'}
    hasBin: true

  undici-types@5.26.5:
    resolution: {integrity: sha512-JlCMO+ehdEIKqlFxk6IfVoAUVmgz7cU7zD/h9XZ0qzeosSHmUJVOzSQvvYSYWXkFXC+IfLKSIffhv0sVZup6pA==}

  use-sync-external-store@1.5.0:
    resolution: {integrity: sha512-Rb46I4cGGVBmjamjphe8L/UnvJD+uPPtTkNvX5mZgqdbavhI4EbgIWJiIHXJ8bc/i9EQGPRh4DwEURJ552Do0A==}
    peerDependencies:
      react: ^16.8.0 || ^17.0.0 || ^18.0.0 || ^19.0.0

  vue@3.5.17:
    resolution: {integrity: sha512-LbHV3xPN9BeljML+Xctq4lbz2lVHCR6DtbpTf5XIO6gugpXUN49j2QQPcMj086r9+AkJ0FfUT8xjulKKBkkr9g==}
    peerDependencies:
      typescript: '*'
    peerDependenciesMeta:
      typescript:
        optional: true

  zod-to-json-schema@3.22.5:
    resolution: {integrity: sha512-+akaPo6a0zpVCCseDed504KBJUQpEW5QZw7RMneNmKw+fGaML1Z9tUNLnHHAC8x6dzVRO1eB2oEMyZRnuBZg7Q==}
    peerDependencies:
      zod: ^3.22.4

  zod@3.23.8:
    resolution: {integrity: sha512-XBx9AXhXktjUqnepgTiE5flcKIYWi/rme0Eaj+5Y0lftuGBq+jyRu/md4WnuxqgP1ubdpNCsYEYPxrzVHD8d6g==}

snapshots:

  '@ai-sdk/openai@0.0.66(zod@3.23.8)':
    dependencies:
      '@ai-sdk/provider': 0.0.24
      '@ai-sdk/provider-utils': 1.0.20(zod@3.23.8)
      zod: 3.23.8

  '@ai-sdk/provider-utils@0.0.5(zod@3.23.8)':
    dependencies:
      '@ai-sdk/provider': 0.0.3
      eventsource-parser: 1.1.2
      nanoid: 3.3.6
      secure-json-parse: 2.7.0
    optionalDependencies:
      zod: 3.23.8

  '@ai-sdk/provider-utils@1.0.20(zod@3.23.8)':
    dependencies:
      '@ai-sdk/provider': 0.0.24
      eventsource-parser: 1.1.2
      nanoid: 3.3.6
      secure-json-parse: 2.7.0
    optionalDependencies:
      zod: 3.23.8

  '@ai-sdk/provider@0.0.24':
    dependencies:
      json-schema: 0.4.0

  '@ai-sdk/provider@0.0.3':
    dependencies:
      json-schema: 0.4.0

  '@ampproject/remapping@2.3.0':
    dependencies:
      '@jridgewell/gen-mapping': 0.3.12
      '@jridgewell/trace-mapping': 0.3.29

  '@babel/helper-string-parser@7.27.1': {}

  '@babel/helper-validator-identifier@7.27.1': {}

  '@babel/parser@7.28.0':
    dependencies:
      '@babel/types': 7.28.0

  '@babel/types@7.28.0':
    dependencies:
      '@babel/helper-string-parser': 7.27.1
      '@babel/helper-validator-identifier': 7.27.1

  '@esbuild/aix-ppc64@0.21.5':
    optional: true

  '@esbuild/android-arm64@0.21.5':
    optional: true

  '@esbuild/android-arm@0.21.5':
    optional: true

  '@esbuild/android-x64@0.21.5':
    optional: true

  '@esbuild/darwin-arm64@0.21.5':
    optional: true

  '@esbuild/darwin-x64@0.21.5':
    optional: true

  '@esbuild/freebsd-arm64@0.21.5':
    optional: true

  '@esbuild/freebsd-x64@0.21.5':
    optional: true

  '@esbuild/linux-arm64@0.21.5':
    optional: true

  '@esbuild/linux-arm@0.21.5':
    optional: true

  '@esbuild/linux-ia32@0.21.5':
    optional: true

  '@esbuild/linux-loong64@0.21.5':
    optional: true

  '@esbuild/linux-mips64el@0.21.5':
    optional: true

  '@esbuild/linux-ppc64@0.21.5':
    optional: true

  '@esbuild/linux-riscv64@0.21.5':
    optional: true

  '@esbuild/linux-s390x@0.21.5':
    optional: true

  '@esbuild/linux-x64@0.21.5':
    optional: true

  '@esbuild/netbsd-x64@0.21.5':
    optional: true

  '@esbuild/openbsd-x64@0.21.5':
    optional: true

  '@esbuild/sunos-x64@0.21.5':
    optional: true

  '@esbuild/win32-arm64@0.21.5':
    optional: true

  '@esbuild/win32-ia32@0.21.5':
    optional: true

  '@esbuild/win32-x64@0.21.5':
    optional: true

  '@jridgewell/gen-mapping@0.3.12':
    dependencies:
      '@jridgewell/sourcemap-codec': 1.5.4
      '@jridgewell/trace-mapping': 0.3.29

  '@jridgewell/resolve-uri@3.1.2': {}

  '@jridgewell/sourcemap-codec@1.5.4': {}

  '@jridgewell/trace-mapping@0.3.29':
    dependencies:
      '@jridgewell/resolve-uri': 3.1.2
      '@jridgewell/sourcemap-codec': 1.5.4

  '@types/diff-match-patch@1.0.36': {}

  '@types/estree@1.0.8': {}

  '@types/node@20.14.0':
    dependencies:
      undici-types: 5.26.5

  '@vue/compiler-core@3.5.17':
    dependencies:
      '@babel/parser': 7.28.0
      '@vue/shared': 3.5.17
      entities: 4.5.0
      estree-walker: 2.0.2
      source-map-js: 1.2.1

  '@vue/compiler-dom@3.5.17':
    dependencies:
      '@vue/compiler-core': 3.5.17
      '@vue/shared': 3.5.17

  '@vue/compiler-sfc@3.5.17':
    dependencies:
      '@babel/parser': 7.28.0
      '@vue/compiler-core': 3.5.17
      '@vue/compiler-dom': 3.5.17
      '@vue/compiler-ssr': 3.5.17
      '@vue/shared': 3.5.17
      estree-walker: 2.0.2
      magic-string: 0.30.17
      postcss: 8.5.6
      source-map-js: 1.2.1

  '@vue/compiler-ssr@3.5.17':
    dependencies:
      '@vue/compiler-dom': 3.5.17
      '@vue/shared': 3.5.17

  '@vue/reactivity@3.5.17':
    dependencies:
      '@vue/shared': 3.5.17

  '@vue/runtime-core@3.5.17':
    dependencies:
      '@vue/reactivity': 3.5.17
      '@vue/shared': 3.5.17

  '@vue/runtime-dom@3.5.17':
    dependencies:
      '@vue/reactivity': 3.5.17
      '@vue/runtime-core': 3.5.17
      '@vue/shared': 3.5.17
      csstype: 3.1.3

  '@vue/server-renderer@3.5.17(vue@3.5.17(typescript@5.4.2))':
    dependencies:
      '@vue/compiler-ssr': 3.5.17
      '@vue/shared': 3.5.17
      vue: 3.5.17(typescript@5.4.2)

  '@vue/shared@3.5.17': {}

  acorn@8.15.0: {}

  ai@3.1.0(react@18.3.1)(solid-js@1.9.7)(svelte@4.2.20)(vue@3.5.17(typescript@5.4.2))(zod@3.23.8):
    dependencies:
      '@ai-sdk/provider': 0.0.3
      '@ai-sdk/provider-utils': 0.0.5(zod@3.23.8)
      eventsource-parser: 1.1.2
      json-schema: 0.4.0
      jsondiffpatch: 0.6.0
      nanoid: 3.3.6
      secure-json-parse: 2.7.0
      solid-swr-store: 0.10.7(solid-js@1.9.7)(swr-store@0.10.6)
      sswr: 2.0.0(svelte@4.2.20)
      swr: 2.2.0(react@18.3.1)
      swr-store: 0.10.6
      swrv: 1.0.4(vue@3.5.17(typescript@5.4.2))
      zod-to-json-schema: 3.22.5(zod@3.23.8)
    optionalDependencies:
      react: 18.3.1
      solid-js: 1.9.7
      svelte: 4.2.20
      vue: 3.5.17(typescript@5.4.2)
      zod: 3.23.8

  aria-query@5.3.2: {}

  axobject-query@4.1.0: {}

  chalk@5.4.1: {}

  code-red@1.0.4:
    dependencies:
      '@jridgewell/sourcemap-codec': 1.5.4
      '@types/estree': 1.0.8
      acorn: 8.15.0
      estree-walker: 3.0.3
      periscopic: 3.1.0

  css-tree@2.3.1:
    dependencies:
      mdn-data: 2.0.30
      source-map-js: 1.2.1

  csstype@3.1.3: {}

  dequal@2.0.3: {}

  diff-match-patch@1.0.5: {}

  dotenv@16.4.5: {}

  entities@4.5.0: {}

  esbuild@0.21.5:
    optionalDependencies:
      '@esbuild/aix-ppc64': 0.21.5
      '@esbuild/android-arm': 0.21.5
      '@esbuild/android-arm64': 0.21.5
      '@esbuild/android-x64': 0.21.5
      '@esbuild/darwin-arm64': 0.21.5
      '@esbuild/darwin-x64': 0.21.5
      '@esbuild/freebsd-arm64': 0.21.5
      '@esbuild/freebsd-x64': 0.21.5
      '@esbuild/linux-arm': 0.21.5
      '@esbuild/linux-arm64': 0.21.5
      '@esbuild/linux-ia32': 0.21.5
      '@esbuild/linux-loong64': 0.21.5
      '@esbuild/linux-mips64el': 0.21.5
      '@esbuild/linux-ppc64': 0.21.5
      '@esbuild/linux-riscv64': 0.21.5
      '@esbuild/linux-s390x': 0.21.5
      '@esbuild/linux-x64': 0.21.5
      '@esbuild/netbsd-x64': 0.21.5
      '@esbuild/openbsd-x64': 0.21.5
      '@esbuild/sunos-x64': 0.21.5
      '@esbuild/win32-arm64': 0.21.5
      '@esbuild/win32-ia32': 0.21.5
      '@esbuild/win32-x64': 0.21.5

  estree-walker@2.0.2: {}

  estree-walker@3.0.3:
    dependencies:
      '@types/estree': 1.0.8

  eventsource-parser@1.1.2: {}

  fsevents@2.3.3:
    optional: true

  get-tsconfig@4.10.1:
    dependencies:
      resolve-pkg-maps: 1.0.0

  is-reference@3.0.3:
    dependencies:
      '@types/estree': 1.0.8

  js-tokens@4.0.0: {}

  json-schema@0.4.0: {}

  jsondiffpatch@0.6.0:
    dependencies:
      '@types/diff-match-patch': 1.0.36
      chalk: 5.4.1
      diff-match-patch: 1.0.5

  locate-character@3.0.0: {}

  loose-envify@1.4.0:
    dependencies:
      js-tokens: 4.0.0

  magic-string@0.30.17:
    dependencies:
      '@jridgewell/sourcemap-codec': 1.5.4

  mdn-data@2.0.30: {}

  nanoid@3.3.11: {}

  nanoid@3.3.6: {}

  periscopic@3.1.0:
    dependencies:
      '@types/estree': 1.0.8
      estree-walker: 3.0.3
      is-reference: 3.0.3

  picocolors@1.1.1: {}

  postcss@8.5.6:
    dependencies:
      nanoid: 3.3.11
      picocolors: 1.1.1
      source-map-js: 1.2.1

  react@18.3.1:
    dependencies:
      loose-envify: 1.4.0

  resolve-pkg-maps@1.0.0: {}

  secure-json-parse@2.7.0: {}

  seroval-plugins@1.3.2(seroval@1.3.2):
    dependencies:
      seroval: 1.3.2

  seroval@1.3.2: {}

  solid-js@1.9.7:
    dependencies:
      csstype: 3.1.3
      seroval: 1.3.2
      seroval-plugins: 1.3.2(seroval@1.3.2)

  solid-swr-store@0.10.7(solid-js@1.9.7)(swr-store@0.10.6):
    dependencies:
      solid-js: 1.9.7
      swr-store: 0.10.6

  source-map-js@1.2.1: {}

  sswr@2.0.0(svelte@4.2.20):
    dependencies:
      svelte: 4.2.20
      swrev: 4.0.0

  svelte@4.2.20:
    dependencies:
      '@ampproject/remapping': 2.3.0
      '@jridgewell/sourcemap-codec': 1.5.4
      '@jridgewell/trace-mapping': 0.3.29
      '@types/estree': 1.0.8
      acorn: 8.15.0
      aria-query: 5.3.2
      axobject-query: 4.1.0
      code-red: 1.0.4
      css-tree: 2.3.1
      estree-walker: 3.0.3
      is-reference: 3.0.3
      locate-character: 3.0.0
      magic-string: 0.30.17
      periscopic: 3.1.0

  swr-store@0.10.6:
    dependencies:
      dequal: 2.0.3

  swr@2.2.0(react@18.3.1):
    dependencies:
      react: 18.3.1
      use-sync-external-store: 1.5.0(react@18.3.1)

  swrev@4.0.0: {}

  swrv@1.0.4(vue@3.5.17(typescript@5.4.2)):
    dependencies:
      vue: 3.5.17(typescript@5.4.2)

  tsx@4.15.0:
    dependencies:
      esbuild: 0.21.5
      get-tsconfig: 4.10.1
    optionalDependencies:
      fsevents: 2.3.3

  typescript@5.4.2: {}

  undici-types@5.26.5: {}

  use-sync-external-store@1.5.0(react@18.3.1):
    dependencies:
      react: 18.3.1

  vue@3.5.17(typescript@5.4.2):
    dependencies:
      '@vue/compiler-dom': 3.5.17
      '@vue/compiler-sfc': 3.5.17
      '@vue/runtime-dom': 3.5.17
      '@vue/server-renderer': 3.5.17(vue@3.5.17(typescript@5.4.2))
      '@vue/shared': 3.5.17
    optionalDependencies:
      typescript: 5.4.2

  zod-to-json-schema@3.22.5(zod@3.23.8):
    dependencies:
      zod: 3.23.8

  zod@3.23.8: {}
